
Microsoft Visual Studio Solution File, Format Version 12.00
# Visual Studio Version 16
VisualStudioVersion = 16.0.33214.272
MinimumVisualStudioVersion = 10.0.40219.1
Project("{9A19103F-16F7-4668-BE54-9A1E7A4F7556}") = "Mission4TreyJackson", "Mission4TreyJackson.csproj", "{A5B890E7-665D-4470-B83A-DB0558C73D64}"
EndProject
Global
	GlobalSection(SolutionConfigurationPlatforms) = preSolution
		Debug|Any CPU = Debug|Any CPU
		Release|Any CPU = Release|Any CPU
	EndGlobalSection
	GlobalSection(ProjectConfigurationPlatforms) = postSolution
		{A5B890E7-665D-4470-B83A-DB0558C73D64}.Debug|Any CPU.ActiveCfg = Debug|Any CPU
		{A5B890E7-665D-4470-B83A-DB0558C73D64}.Debug|Any CPU.Build.0 = Debug|Any CPU
		{A5B890E7-665D-4470-B83A-DB0558C73D64}.Release|Any CPU.ActiveCfg = Release|Any CPU
		{A5B890E7-665D-4470-B83A-DB0558C73D64}.Release|Any CPU.Build.0 = Release|Any CPU
	EndGlobalSection
	GlobalSection(SolutionProperties) = preSolution
		HideSolutionNode = FALSE
	EndGlobalSection
	GlobalSection(ExtensibilityGlobals) = postSolution
		SolutionGuid = {EB87D4AB-9D5F-4B17-A39D-5FDB2F2BE7F1}
	EndGlobalSection
EndGlobal
